
Microsoft Visual Studio Solution File, Format Version 12.00
# Visual Studio Version 17
VisualStudioVersion = 17.5.33530.505
MinimumVisualStudioVersion = 10.0.40219.1
Project("{FAE04EC0-301F-11D3-BF4B-00C04F79EFBC}") = "SublimeDiceUI", "SublimeDiceUI\SublimeDiceUI.csproj", "{52F942F0-31B0-4031-A481-0645A3B1FE83}"
EndProject
Project("{FAE04EC0-301F-11D3-BF4B-00C04F79EFBC}") = "SublimeDicePrototype", "SublimeTextPrototype\SublimeDicePrototype.csproj", "{142DACE3-7B2B-4DAD-8E63-6F7A01422217}"
EndProject
Global
	GlobalSection(SolutionConfigurationPlatforms) = preSolution
		Debug|Any CPU = Debug|Any CPU
		Release|Any CPU = Release|Any CPU
	EndGlobalSection
	GlobalSection(ProjectConfigurationPlatforms) = postSolution
		{52F942F0-31B0-4031-A481-0645A3B1FE83}.Debug|Any CPU.ActiveCfg = Debug|Any CPU
		{52F942F0-31B0-4031-A481-0645A3B1FE83}.Debug|Any CPU.Build.0 = Debug|Any CPU
		{52F942F0-31B0-4031-A481-0645A3B1FE83}.Release|Any CPU.ActiveCfg = Release|Any CPU
		{52F942F0-31B0-4031-A481-0645A3B1FE83}.Release|Any CPU.Build.0 = Release|Any CPU
		{142DACE3-7B2B-4DAD-8E63-6F7A01422217}.Debug|Any CPU.ActiveCfg = Debug|Any CPU
		{142DACE3-7B2B-4DAD-8E63-6F7A01422217}.Debug|Any CPU.Build.0 = Debug|Any CPU
		{142DACE3-7B2B-4DAD-8E63-6F7A01422217}.Release|Any CPU.ActiveCfg = Release|Any CPU
		{142DACE3-7B2B-4DAD-8E63-6F7A01422217}.Release|Any CPU.Build.0 = Release|Any CPU
	EndGlobalSection
	GlobalSection(SolutionProperties) = preSolution
		HideSolutionNode = FALSE
	EndGlobalSection
	GlobalSection(ExtensibilityGlobals) = postSolution
		SolutionGuid = {2DD08B85-5F1D-40BC-BDF3-A3CCED09EC4E}
	EndGlobalSection
EndGlobal
